
Microsoft Visual Studio Solution File, Format Version 12.00
# Visual Studio Version 17
VisualStudioVersion = 17.6.33723.286
MinimumVisualStudioVersion = 10.0.40219.1
Project("{FAE04EC0-301F-11D3-BF4B-00C04F79EFBC}") = "SitemaGestion", "SitemaGestion.csproj", "{5C53970C-9528-43E7-BA7B-6B925CD2B95C}"
EndProject
Project("{FAE04EC0-301F-11D3-BF4B-00C04F79EFBC}") = "SistemaGestionEntities", "..\SistemaGestionEntities\SistemaGestionEntities.csproj", "{0BE37E1E-039A-48EF-BD99-3135F66DFB73}"
EndProject
Project("{FAE04EC0-301F-11D3-BF4B-00C04F79EFBC}") = "SistemaGestionData", "..\SistemaGestionData\SistemaGestionData.csproj", "{D7F0A2F8-81DF-4FD3-B8D6-171C2B4FF0E1}"
EndProject
Project("{FAE04EC0-301F-11D3-BF4B-00C04F79EFBC}") = "SistemaGestionBussiness", "..\SistemaGestionBussiness\SistemaGestionBussiness.csproj", "{76F715D9-A5C9-42DD-9185-E94A012DAE74}"
EndProject
Global
	GlobalSection(SolutionConfigurationPlatforms) = preSolution
		Debug|Any CPU = Debug|Any CPU
		Release|Any CPU = Release|Any CPU
	EndGlobalSection
	GlobalSection(ProjectConfigurationPlatforms) = postSolution
		{5C53970C-9528-43E7-BA7B-6B925CD2B95C}.Debug|Any CPU.ActiveCfg = Debug|Any CPU
		{5C53970C-9528-43E7-BA7B-6B925CD2B95C}.Debug|Any CPU.Build.0 = Debug|Any CPU
		{5C53970C-9528-43E7-BA7B-6B925CD2B95C}.Release|Any CPU.ActiveCfg = Release|Any CPU
		{5C53970C-9528-43E7-BA7B-6B925CD2B95C}.Release|Any CPU.Build.0 = Release|Any CPU
		{0BE37E1E-039A-48EF-BD99-3135F66DFB73}.Debug|Any CPU.ActiveCfg = Debug|Any CPU
		{0BE37E1E-039A-48EF-BD99-3135F66DFB73}.Debug|Any CPU.Build.0 = Debug|Any CPU
		{0BE37E1E-039A-48EF-BD99-3135F66DFB73}.Release|Any CPU.ActiveCfg = Release|Any CPU
		{0BE37E1E-039A-48EF-BD99-3135F66DFB73}.Release|Any CPU.Build.0 = Release|Any CPU
		{D7F0A2F8-81DF-4FD3-B8D6-171C2B4FF0E1}.Debug|Any CPU.ActiveCfg = Debug|Any CPU
		{D7F0A2F8-81DF-4FD3-B8D6-171C2B4FF0E1}.Debug|Any CPU.Build.0 = Debug|Any CPU
		{D7F0A2F8-81DF-4FD3-B8D6-171C2B4FF0E1}.Release|Any CPU.ActiveCfg = Release|Any CPU
		{D7F0A2F8-81DF-4FD3-B8D6-171C2B4FF0E1}.Release|Any CPU.Build.0 = Release|Any CPU
		{76F715D9-A5C9-42DD-9185-E94A012DAE74}.Debug|Any CPU.ActiveCfg = Debug|Any CPU
		{76F715D9-A5C9-42DD-9185-E94A012DAE74}.Debug|Any CPU.Build.0 = Debug|Any CPU
		{76F715D9-A5C9-42DD-9185-E94A012DAE74}.Release|Any CPU.ActiveCfg = Release|Any CPU
		{76F715D9-A5C9-42DD-9185-E94A012DAE74}.Release|Any CPU.Build.0 = Release|Any CPU
	EndGlobalSection
	GlobalSection(SolutionProperties) = preSolution
		HideSolutionNode = FALSE
	EndGlobalSection
	GlobalSection(ExtensibilityGlobals) = postSolution
		SolutionGuid = {8BE80021-747E-406D-B249-EDFDC79BA8E5}
	EndGlobalSection
EndGlobal
